<?xml version="1.0" encoding="utf-8"?>
<Project ToolsVersion="4.0" xmlns="http://schemas.microsoft.com/developer/msbuild/2003">
  <ItemGroup>
    <Filter Include="Source Files">
      <UniqueIdentifier>{4FC737F1-C7A5-4376-A066-2A32D752A2FF}</UniqueIdentifier>
      <Extensions>cpp;c;cc;cxx;def;odl;idl;hpj;bat;asm;asmx</Extensions>
    </Filter>
    <Filter Include="Header Files">
      <UniqueIdentifier>{93995380-89BD-4b04-88EB-625FBE52EBFB}</UniqueIdentifier>
      <Extensions>h;hpp;hxx;hm;inl;inc;xsd</Extensions>
    </Filter>
    <Filter Include="Resource Files">
      <UniqueIdentifier>{67DA6AB6-F800-4c08-8B7A-83BB121AAD01}</UniqueIdentifier>
      <Extensions>rc;ico;cur;bmp;dlg;rc2;rct;bin;rgs;gif;jpg;jpeg;jpe;resx;tiff;tif;png;wav;mfcribbon-ms</Extensions>
    </Filter>
    <Filter Include="Header Files\GameObjects">
      <UniqueIdentifier>{52193d79-18a3-4568-9865-b7691e3c2684}</UniqueIdentifier>
    </Filter>
    <Filter Include="Header Files\ShaderPrograms">
      <UniqueIdentifier>{9bbfb340-c643-4af7-b25b-dc1e47290f6e}</UniqueIdentifier>
    </Filter>
    <Filter Include="Header Files\GameObjectComponents">
      <UniqueIdentifier>{fe96c124-c486-4c7a-b950-3e162d15dfd3}</UniqueIdentifier>
    </Filter>
    <Filter Include="Source Files\GameObjects">
      <UniqueIdentifier>{68daa20d-821d-4c84-be2b-6dbf13dc1b85}</UniqueIdentifier>
    </Filter>
    <Filter Include="Source Files\ShaderPrograms">
      <UniqueIdentifier>{b482ded1-80ca-4286-95f2-d4be18f3f1b1}</UniqueIdentifier>
    </Filter>
    <Filter Include="Source Files\GameObjectComponents">
      <UniqueIdentifier>{1b9a18a2-12e1-4247-bedd-9461be2893f5}</UniqueIdentifier>
    </Filter>
  </ItemGroup>
  <ItemGroup>
    <ClCompile Include="main.cpp">
      <Filter>Source Files</Filter>
    </ClCompile>
    <ClCompile Include="glew.c">
      <Filter>Source Files</Filter>
    </ClCompile>
    <ClCompile Include="GameEngine.cpp">
      <Filter>Source Files</Filter>
    </ClCompile>
    <ClCompile Include="EngineData.cpp">
      <Filter>Source Files</Filter>
    </ClCompile>
    <ClCompile Include="UtilityFunctions.cpp">
      <Filter>Source Files</Filter>
    </ClCompile>
    <ClCompile Include="Camera.cpp">
      <Filter>Source Files\GameObjects</Filter>
    </ClCompile>
    <ClCompile Include="GameObject.cpp">
      <Filter>Source Files\GameObjects</Filter>
    </ClCompile>
    <ClCompile Include="Light.cpp">
      <Filter>Source Files\GameObjects</Filter>
    </ClCompile>
    <ClCompile Include="Skybox.cpp">
      <Filter>Source Files\GameObjects</Filter>
    </ClCompile>
    <ClCompile Include="Terrain.cpp">
      <Filter>Source Files\GameObjects</Filter>
    </ClCompile>
    <ClCompile Include="BasicShaderProgram.cpp">
      <Filter>Source Files\ShaderPrograms</Filter>
    </ClCompile>
    <ClCompile Include="NormalShaderProgram.cpp">
      <Filter>Source Files\ShaderPrograms</Filter>
    </ClCompile>
    <ClCompile Include="ShaderProgram.cpp">
      <Filter>Source Files\ShaderPrograms</Filter>
    </ClCompile>
    <ClCompile Include="Transform.cpp">
      <Filter>Source Files\GameObjectComponents</Filter>
    </ClCompile>
    <ClCompile Include="shader.cpp">
      <Filter>Source Files\ShaderPrograms</Filter>
    </ClCompile>
    <ClCompile Include="Mesh.cpp">
      <Filter>Source Files\GameObjectComponents</Filter>
    </ClCompile>
    <ClCompile Include="CubeMap.cpp">
      <Filter>Source Files</Filter>
    </ClCompile>
  </ItemGroup>
  <ItemGroup>
    <ClInclude Include="glew.h">
      <Filter>Header Files</Filter>
    </ClInclude>
    <ClInclude Include="GameEngine.h">
      <Filter>Header Files</Filter>
    </ClInclude>
    <ClInclude Include="EngineData.h">
      <Filter>Header Files</Filter>
    </ClInclude>
    <ClInclude Include="UtilityFunctions.h">
      <Filter>Header Files</Filter>
    </ClInclude>
    <ClInclude Include="Light.h">
      <Filter>Header Files\GameObjects</Filter>
    </ClInclude>
    <ClInclude Include="Skybox.h">
      <Filter>Header Files\GameObjects</Filter>
    </ClInclude>
    <ClInclude Include="Terrain.h">
      <Filter>Header Files\GameObjects</Filter>
    </ClInclude>
    <ClInclude Include="GameObject.h">
      <Filter>Header Files\GameObjects</Filter>
    </ClInclude>
    <ClInclude Include="Camera.h">
      <Filter>Header Files\GameObjects</Filter>
    </ClInclude>
    <ClInclude Include="BasicShaderProgram.h">
      <Filter>Header Files\ShaderPrograms</Filter>
    </ClInclude>
    <ClInclude Include="ShaderProgram.h">
      <Filter>Header Files\ShaderPrograms</Filter>
    </ClInclude>
    <ClInclude Include="NormalShaderProgram.h">
      <Filter>Header Files\ShaderPrograms</Filter>
    </ClInclude>
    <ClInclude Include="Mesh.h">
      <Filter>Header Files\GameObjectComponents</Filter>
    </ClInclude>
    <ClInclude Include="Transform.h">
      <Filter>Header Files\GameObjectComponents</Filter>
    </ClInclude>
    <ClInclude Include="shader.h">
      <Filter>Header Files\ShaderPrograms</Filter>
    </ClInclude>
    <ClInclude Include="vertex.h">
      <Filter>Header Files\GameObjectComponents</Filter>
    </ClInclude>
    <ClInclude Include="CubeMap.h">
      <Filter>Header Files</Filter>
    </ClInclude>
  </ItemGroup>
  <ItemGroup>
    <None Include="GLFW.dll">
      <Filter>Resource Files</Filter>
    </None>
    <None Include="glew32.dll">
      <Filter>Resource Files</Filter>
    </None>
    <None Include="basic.fs">
      <Filter>Resource Files</Filter>
    </None>
    <None Include="basic.vs">
      <Filter>Resource Files</Filter>
    </None>
    <None Include="normalmapPoint.fs">
      <Filter>Resource Files</Filter>
    </None>
    <None Include="normalmapPoint.vs">
      <Filter>Resource Files</Filter>
    </None>
  </ItemGroup>
</Project>